
Microsoft Visual Studio Solution File, Format Version 12.00
# Visual Studio Version 18
VisualStudioVersion = 18.5.11801.241
MinimumVisualStudioVersion = 10.0.40219.1
Project("{FAE04EC0-301F-11D3-BF4B-00C04F79EFBC}") = "FeatureLabs.DatabaseTesting", "src\FeatureLabs.DatabaseTesting\FeatureLabs.DatabaseTesting.csproj", "{D2AD6A87-0A03-9469-C0BC-B6A09E44BBC5}"
EndProject
Project("{FAE04EC0-301F-11D3-BF4B-00C04F79EFBC}") = "FeatureLabs.DatabaseTesting.FunctionalTests", "tests\FeatureLabs.DatabaseTesting.FunctionalTests\FeatureLabs.DatabaseTesting.FunctionalTests.csproj", "{2230DCE0-1903-CBA0-231A-F259EB8BCA71}"
EndProject
Global
	GlobalSection(SolutionConfigurationPlatforms) = preSolution
		Debug|Any CPU = Debug|Any CPU
		Release|Any CPU = Release|Any CPU
	EndGlobalSection
	GlobalSection(ProjectConfigurationPlatforms) = postSolution
		{D2AD6A87-0A03-9469-C0BC-B6A09E44BBC5}.Debug|Any CPU.ActiveCfg = Debug|Any CPU
		{D2AD6A87-0A03-9469-C0BC-B6A09E44BBC5}.Debug|Any CPU.Build.0 = Debug|Any CPU
		{D2AD6A87-0A03-9469-C0BC-B6A09E44BBC5}.Release|Any CPU.ActiveCfg = Release|Any CPU
		{D2AD6A87-0A03-9469-C0BC-B6A09E44BBC5}.Release|Any CPU.Build.0 = Release|Any CPU
		{2230DCE0-1903-CBA0-231A-F259EB8BCA71}.Debug|Any CPU.ActiveCfg = Debug|Any CPU
		{2230DCE0-1903-CBA0-231A-F259EB8BCA71}.Debug|Any CPU.Build.0 = Debug|Any CPU
		{2230DCE0-1903-CBA0-231A-F259EB8BCA71}.Release|Any CPU.ActiveCfg = Release|Any CPU
		{2230DCE0-1903-CBA0-231A-F259EB8BCA71}.Release|Any CPU.Build.0 = Release|Any CPU
	EndGlobalSection
	GlobalSection(SolutionProperties) = preSolution
		HideSolutionNode = FALSE
	EndGlobalSection
	GlobalSection(ExtensibilityGlobals) = postSolution
		SolutionGuid = {4F4B5BD1-924A-4BCA-A960-9555BEBB7C1A}
	EndGlobalSection
EndGlobal
